# Historical Linux x86_64 / CPython 3.11 wheels from the successful 2026-09-07 installation.
# Original requirements.txt is unchanged. This file was derived after that run.
# Bootstrap tools pip==24.0 and setuptools==79.0.1 are listed separately in installed-versions.txt.
# Not a cross-platform lock; no claim of a fresh reinstall from this lock.
annotated-types==0.8.0 --hash=sha256:f072f4d804ea359e4eaf198b1af7a8b0943881a87f31bb764f8bf219bb9419e0
cloudpickle==3.1.2 --hash=sha256:9acb47f6afd73f60dc1df93bb801b472f05ff42fa6c84167d25cb206be1fbf4a
cytoolz==1.1.0 --hash=sha256:ac266a34437812cf841cecbfe19f355ab9c3dd1ef231afc60415d40ff12a76e4
eth-hash==0.8.0 --hash=sha256:523718a51b369ab89866b929a5c93c52978cd866ea309192ad980dd8271f9fac
eth-typing==6.0.0 --hash=sha256:ee74fb641eb36dd885e1c42c2a3055314efa532b3e71480816df70a94d35cfb9
eth-utils==6.0.0 --hash=sha256:63cf48ee32c45541cb5748751909a8345c470432fb6f0fed4bd7c53fd6400469
joblib==1.6.0 --hash=sha256:3dbbf9f6e4b592a2357b854608e980fe6390d131d7a82f011a377ef2ebef7aba
py-ecc==8.0.0 --hash=sha256:c0b2dfc4bde67a55122a392591a10e851a986d5128f680628c80b405f7663e13
pydantic==2.13.5 --hash=sha256:346a034f080da3755d8e9cb5e00e8b07de1d39e4f6e2c87d8ab7cafa0b269a73
pydantic_core==2.46.5 --hash=sha256:49776eab08766a08dfff7012f8b422dcd7e25e43b316eedf0477c24fcfa84b7c
toolz==1.1.0 --hash=sha256:15ccc861ac51c53696de0a5d6d4607f99c210739caf987b5d2054f3efed429d8
typing_extensions==4.16.0 --hash=sha256:481caa481374e813c1b176ada14e97f1f67a4539ce9cfeb3f350d78d6370c2e8
typing-inspection==0.4.4 --hash=sha256:65b8397ba37ccbce054456aaccddfc91e6e3083c92824df348d96ca832f3f147
